
Microsoft Visual Studio Solution File, Format Version 12.00
# Visual Studio Version 16
VisualStudioVersion = 16.0.30011.22
MinimumVisualStudioVersion = 10.0.40219.1
Project("{FAE04EC0-301F-11D3-BF4B-00C04F79EFBC}") = "SelectionExample", "Selection\SelectionExample.csproj", "{885FBF1B-4737-4D45-B084-00EB661065DF}"
EndProject
Project("{FAE04EC0-301F-11D3-BF4B-00C04F79EFBC}") = "SelectionExampleTests", "SelectionExampleTests\SelectionExampleTests.csproj", "{AAF730AD-6044-4718-A0FB-4762BAC53DB0}"
EndProject
Global
	GlobalSection(SolutionConfigurationPlatforms) = preSolution
		Debug|Any CPU = Debug|Any CPU
		Release|Any CPU = Release|Any CPU
	EndGlobalSection
	GlobalSection(ProjectConfigurationPlatforms) = postSolution
		{885FBF1B-4737-4D45-B084-00EB661065DF}.Debug|Any CPU.ActiveCfg = Debug|Any CPU
		{885FBF1B-4737-4D45-B084-00EB661065DF}.Debug|Any CPU.Build.0 = Debug|Any CPU
		{885FBF1B-4737-4D45-B084-00EB661065DF}.Release|Any CPU.ActiveCfg = Release|Any CPU
		{885FBF1B-4737-4D45-B084-00EB661065DF}.Release|Any CPU.Build.0 = Release|Any CPU
		{AAF730AD-6044-4718-A0FB-4762BAC53DB0}.Debug|Any CPU.ActiveCfg = Debug|Any CPU
		{AAF730AD-6044-4718-A0FB-4762BAC53DB0}.Debug|Any CPU.Build.0 = Debug|Any CPU
		{AAF730AD-6044-4718-A0FB-4762BAC53DB0}.Release|Any CPU.ActiveCfg = Release|Any CPU
		{AAF730AD-6044-4718-A0FB-4762BAC53DB0}.Release|Any CPU.Build.0 = Release|Any CPU
	EndGlobalSection
	GlobalSection(SolutionProperties) = preSolution
		HideSolutionNode = FALSE
	EndGlobalSection
	GlobalSection(ExtensibilityGlobals) = postSolution
		SolutionGuid = {8041BC95-B1D5-47C7-80D1-19979F615990}
	EndGlobalSection
EndGlobal
